
Microsoft Visual Studio Solution File, Format Version 12.00
# Visual Studio Version 17
VisualStudioVersion = 17.8.34525.116
MinimumVisualStudioVersion = 10.0.40219.1
Project("{FAE04EC0-301F-11D3-BF4B-00C04F79EFBC}") = "ШС-2", "ШС-2\ШС-2.csproj", "{77944A4D-4699-4936-8413-F59548F4894D}"
EndProject
Project("{FAE04EC0-301F-11D3-BF4B-00C04F79EFBC}") = "ШС-2(Win32)", "ШС-2(Win32)\ШС-2(Win32).csproj", "{9B5B6A90-27CA-4E47-93C7-DD1194CA9189}"
EndProject
Project("{FAE04EC0-301F-11D3-BF4B-00C04F79EFBC}") = "ШС-2(поток)", "ШС-2(поток)\ШС-2(поток).csproj", "{35BB94BB-A14C-4D63-8F93-1FE465965EED}"
EndProject
Global
	GlobalSection(SolutionConfigurationPlatforms) = preSolution
		Debug|Any CPU = Debug|Any CPU
		Release|Any CPU = Release|Any CPU
	EndGlobalSection
	GlobalSection(ProjectConfigurationPlatforms) = postSolution
		{77944A4D-4699-4936-8413-F59548F4894D}.Debug|Any CPU.ActiveCfg = Debug|Any CPU
		{77944A4D-4699-4936-8413-F59548F4894D}.Debug|Any CPU.Build.0 = Debug|Any CPU
		{77944A4D-4699-4936-8413-F59548F4894D}.Release|Any CPU.ActiveCfg = Release|Any CPU
		{77944A4D-4699-4936-8413-F59548F4894D}.Release|Any CPU.Build.0 = Release|Any CPU
		{9B5B6A90-27CA-4E47-93C7-DD1194CA9189}.Debug|Any CPU.ActiveCfg = Debug|Any CPU
		{9B5B6A90-27CA-4E47-93C7-DD1194CA9189}.Debug|Any CPU.Build.0 = Debug|Any CPU
		{9B5B6A90-27CA-4E47-93C7-DD1194CA9189}.Release|Any CPU.ActiveCfg = Release|Any CPU
		{9B5B6A90-27CA-4E47-93C7-DD1194CA9189}.Release|Any CPU.Build.0 = Release|Any CPU
		{35BB94BB-A14C-4D63-8F93-1FE465965EED}.Debug|Any CPU.ActiveCfg = Debug|Any CPU
		{35BB94BB-A14C-4D63-8F93-1FE465965EED}.Debug|Any CPU.Build.0 = Debug|Any CPU
		{35BB94BB-A14C-4D63-8F93-1FE465965EED}.Release|Any CPU.ActiveCfg = Release|Any CPU
		{35BB94BB-A14C-4D63-8F93-1FE465965EED}.Release|Any CPU.Build.0 = Release|Any CPU
	EndGlobalSection
	GlobalSection(SolutionProperties) = preSolution
		HideSolutionNode = FALSE
	EndGlobalSection
	GlobalSection(ExtensibilityGlobals) = postSolution
		SolutionGuid = {EC88DECF-E63C-4293-BFEA-13E29C6120B0}
	EndGlobalSection
EndGlobal
